
Microsoft Visual Studio Solution File, Format Version 12.00
# Visual Studio Version 17
VisualStudioVersion = 17.8.34525.116
MinimumVisualStudioVersion = 10.0.40219.1
Project("{9A19103F-16F7-4668-BE54-9A1E7A4F7556}") = "MauiTodo", "MauiToDo\MauiTodo.csproj", "{F9917307-F3FA-43C9-AF86-A14DFD5D24DB}"
EndProject
Global
	GlobalSection(SolutionConfigurationPlatforms) = preSolution
		Debug|Any CPU = Debug|Any CPU
		Release|Any CPU = Release|Any CPU
	EndGlobalSection
	GlobalSection(ProjectConfigurationPlatforms) = postSolution
		{F9917307-F3FA-43C9-AF86-A14DFD5D24DB}.Debug|Any CPU.ActiveCfg = Debug|Any CPU
		{F9917307-F3FA-43C9-AF86-A14DFD5D24DB}.Debug|Any CPU.Build.0 = Debug|Any CPU
		{F9917307-F3FA-43C9-AF86-A14DFD5D24DB}.Debug|Any CPU.Deploy.0 = Debug|Any CPU
		{F9917307-F3FA-43C9-AF86-A14DFD5D24DB}.Release|Any CPU.ActiveCfg = Release|Any CPU
		{F9917307-F3FA-43C9-AF86-A14DFD5D24DB}.Release|Any CPU.Build.0 = Release|Any CPU
		{F9917307-F3FA-43C9-AF86-A14DFD5D24DB}.Release|Any CPU.Deploy.0 = Release|Any CPU
	EndGlobalSection
	GlobalSection(SolutionProperties) = preSolution
		HideSolutionNode = FALSE
	EndGlobalSection
	GlobalSection(ExtensibilityGlobals) = postSolution
		SolutionGuid = {F7FBE02A-9F33-4671-83C3-9C69017A3335}
	EndGlobalSection
EndGlobal
